// !$*UTF8*$!
{
	archiveVersion = 1;
	classes = {
	};
	objectVersion = 51;
	objects = {

/* Begin PBXBuildFile section */
		272AF7402F2D85E54188F696 /* Pods_Clippy.framework in Frameworks */ = {isa = PBXBuildFile; fileRef = 61E80DD1065CB9BA1E62FA47 /* Pods_Clippy.framework */; };
		A0717E09215BB1B40011FFF5 /* AppDelegate.swift in Sources */ = {isa = PBXBuildFile; fileRef = A0717E08215BB1B40011FFF5 /* AppDelegate.swift */; };
		A0717E0B215BB1B40011FFF5 /* ViewController.swift in Sources */ = {isa = PBXBuildFile; fileRef = A0717E0A215BB1B40011FFF5 /* ViewController.swift */; };
		A0717E0D215BB1B50011FFF5 /* Assets.xcassets in Resources */ = {isa = PBXBuildFile; fileRef = A0717E0C215BB1B50011FFF5 /* Assets.xcassets */; };
		A0717E10215BB1B50011FFF5 /* Main.storyboard in Resources */ = {isa = PBXBuildFile; fileRef = A0717E0E215BB1B50011FFF5 /* Main.storyboard */; };
/* End PBXBuildFile section */

/* Begin PBXFileReference section */
		40039B3EF8A076CF3B8AD551 /* Pods-Clippy.release.xcconfig */ = {isa = PBXFileReference; includeInIndex = 1; lastKnownFileType = text.xcconfig; name = "Pods-Clippy.release.xcconfig"; path = "Pods/Target Support Files/Pods-Clippy/Pods-Clippy.release.xcconfig"; sourceTree = "<group>"; };
		61E80DD1065CB9BA1E62FA47 /* Pods_Clippy.framework */ = {isa = PBXFileReference; explicitFileType = wrapper.framework; includeInIndex = 0; path = Pods_Clippy.framework; sourceTree = BUILT_PRODUCTS_DIR; };
		93349CD55625F84A15F8733C /* Pods-Clippy.debug.xcconfig */ = {isa = PBXFileReference; includeInIndex = 1; lastKnownFileType = text.xcconfig; name = "Pods-Clippy.debug.xcconfig"; path = "Pods/Target Support Files/Pods-Clippy/Pods-Clippy.debug.xcconfig"; sourceTree = "<group>"; };
		A0717E05215BB1B40011FFF5 /* Clippy.app */ = {isa = PBXFileReference; explicitFileType = wrapper.application; includeInIndex = 0; path = Clippy.app; sourceTree = BUILT_PRODUCTS_DIR; };
		A0717E08215BB1B40011FFF5 /* AppDelegate.swift */ = {isa = PBXFileReference; lastKnownFileType = sourcecode.swift; path = AppDelegate.swift; sourceTree = "<group>"; };
		A0717E0A215BB1B40011FFF5 /* ViewController.swift */ = {isa = PBXFileReference; lastKnownFileType = sourcecode.swift; path = ViewController.swift; sourceTree = "<group>"; };
		A0717E0C215BB1B50011FFF5 /* Assets.xcassets */ = {isa = PBXFileReference; lastKnownFileType = folder.assetcatalog; path = Assets.xcassets; sourceTree = "<group>"; };
		A0717E0F215BB1B50011FFF5 /* Base */ = {isa = PBXFileReference; lastKnownFileType = file.storyboard; name = Base; path = Base.lproj/Main.storyboard; sourceTree = "<group>"; };
		A0717E11215BB1B50011FFF5 /* Info.plist */ = {isa = PBXFileReference; lastKnownFileType = text.plist.xml; path = Info.plist; sourceTree = "<group>"; };
		A0717E12215BB1B50011FFF5 /* Clippy.entitlements */ = {isa = PBXFileReference; lastKnownFileType = text.plist.entitlements; path = Clippy.entitlements; sourceTree = "<group>"; };
/* End PBXFileReference section */

/* Begin PBXFrameworksBuildPhase section */
		A0717E02215BB1B40011FFF5 /* Frameworks */ = {
			isa = PBXFrameworksBuildPhase;
			buildActionMask = 2147483647;
			files = (
				272AF7402F2D85E54188F696 /* Pods_Clippy.framework in Frameworks */,
			);
			runOnlyForDeploymentPostprocessing = 0;
		};
/* End PBXFrameworksBuildPhase section */

/* Begin PBXGroup section */
		6F10FC7CC536E6810F6E353C /* Pods */ = {
			isa = PBXGroup;
			children = (
				93349CD55625F84A15F8733C /* Pods-Clippy.debug.xcconfig */,
				40039B3EF8A076CF3B8AD551 /* Pods-Clippy.release.xcconfig */,
			);
			name = Pods;
			sourceTree = "<group>";
		};
		A0717DFC215BB1B30011FFF5 = {
			isa = PBXGroup;
			children = (
				A0717E07215BB1B40011FFF5 /* Clippy */,
				A0717E06215BB1B40011FFF5 /* Products */,
				6F10FC7CC536E6810F6E353C /* Pods */,
				E1D7A8FFEC0E2F87752D6340 /* Frameworks */,
			);
			sourceTree = "<group>";
		};
		A0717E06215BB1B40011FFF5 /* Products */ = {
			isa = PBXGroup;
			children = (
				A0717E05215BB1B40011FFF5 /* Clippy.app */,
			);
			name = Products;
			sourceTree = "<group>";
		};
		A0717E07215BB1B40011FFF5 /* Clippy */ = {
			isa = PBXGroup;
			children = (
				A0717E08215BB1B40011FFF5 /* AppDelegate.swift */,
				A0717E0A215BB1B40011FFF5 /* ViewController.swift */,
				A0717E0C215BB1B50011FFF5 /* Assets.xcassets */,
				A0717E0E215BB1B50011FFF5 /* Main.storyboard */,
				A0717E11215BB1B50011FFF5 /* Info.plist */,
				A0717E12215BB1B50011FFF5 /* Clippy.entitlements */,
			);
			path = Clippy;
			sourceTree = "<group>";
		};
		E1D7A8FFEC0E2F87752D6340 /* Frameworks */ = {
			isa = PBXGroup;
			children = (
				61E80DD1065CB9BA1E62FA47 /* Pods_Clippy.framework */,
			);
			name = Frameworks;
			sourceTree = "<group>";
		};
/* End PBXGroup section */

/* Begin PBXNativeTarget section */
		A0717E04215BB1B40011FFF5 /* Clippy */ = {
			isa = PBXNativeTarget;
			buildConfigurationList = A0717E15215BB1B50011FFF5 /* Build configuration list for PBXNativeTarget "Clippy" */;
			buildPhases = (
				17986EC1C0BCF9C5A2771150 /* [CP] Check Pods Manifest.lock */,
				A0717E01215BB1B40011FFF5 /* Sources */,
				A0717E02215BB1B40011FFF5 /* Frameworks */,
				A0717E03215BB1B40011FFF5 /* Resources */,
				A0E36BBDF562F6ADFD28C6DC /* [CP] Embed Pods Frameworks */,
			);
			buildRules = (
			);
			dependencies = (
			);
			name = Clippy;
			productName = Clippy;
			productReference = A0717E05215BB1B40011FFF5 /* Clippy.app */;
			productType = "com.apple.product-type.application";
		};
/* End PBXNativeTarget section */

/* Begin PBXProject section */
		A0717DFD215BB1B30011FFF5 /* Project object */ = {
			isa = PBXProject;
			attributes = {
				LastSwiftUpdateCheck = 0930;
				LastUpgradeCheck = 0930;
				ORGANIZATIONNAME = "Harsil Patel";
				TargetAttributes = {
					A0717E04215BB1B40011FFF5 = {
						CreatedOnToolsVersion = 9.3;
					};
				};
			};
			buildConfigurationList = A0717E00215BB1B30011FFF5 /* Build configuration list for PBXProject "Clippy" */;
			compatibilityVersion = "Xcode 10.0";
			developmentRegion = en;
			hasScannedForEncodings = 0;
			knownRegions = (
				en,
				Base,
			);
			mainGroup = A0717DFC215BB1B30011FFF5;
			productRefGroup = A0717E06215BB1B40011FFF5 /* Products */;
			projectDirPath = "";
			projectRoot = "";
			targets = (
				A0717E04215BB1B40011FFF5 /* Clippy */,
			);
		};
/* End PBXProject section */

/* Begin PBXResourcesBuildPhase section */
		A0717E03215BB1B40011FFF5 /* Resources */ = {
			isa = PBXResourcesBuildPhase;
			buildActionMask = 2147483647;
			files = (
				A0717E0D215BB1B50011FFF5 /* Assets.xcassets in Resources */,
				A0717E10215BB1B50011FFF5 /* Main.storyboard in Resources */,
			);
			runOnlyForDeploymentPostprocessing = 0;
		};
/* End PBXResourcesBuildPhase section */

/* Begin PBXShellScriptBuildPhase section */
		17986EC1C0BCF9C5A2771150 /* [CP] Check Pods Manifest.lock */ = {
			isa = PBXShellScriptBuildPhase;
			buildActionMask = 2147483647;
			files = (
			);
			inputFileListPaths = (
			);
			inputPaths = (
				"${PODS_PODFILE_DIR_PATH}/Podfile.lock",
				"${PODS_ROOT}/Manifest.lock",
			);
			name = "[CP] Check Pods Manifest.lock";
			outputFileListPaths = (
			);
			outputPaths = (
				"$(DERIVED_FILE_DIR)/Pods-Clippy-checkManifestLockResult.txt",
			);
			runOnlyForDeploymentPostprocessing = 0;
			shellPath = /bin/sh;
			shellScript = "diff \"${PODS_PODFILE_DIR_PATH}/Podfile.lock\" \"${PODS_ROOT}/Manifest.lock\" > /dev/null\nif [ $? != 0 ] ; then\n    # print error to STDERR\n    echo \"error: The sandbox is not in sync with the Podfile.lock. Run 'pod install' or update your CocoaPods installation.\" >&2\n    exit 1\nfi\n# This output is used by Xcode 'outputs' to avoid re-running this script phase.\necho \"SUCCESS\" > \"${SCRIPT_OUTPUT_FILE_0}\"\n";
			showEnvVarsInLog = 0;
		};
		A0E36BBDF562F6ADFD28C6DC /* [CP] Embed Pods Frameworks */ = {
			isa = PBXShellScriptBuildPhase;
			buildActionMask = 2147483647;
			files = (
			);
			inputFileListPaths = (
			);
			inputPaths = (
				"${SRCROOT}/Pods/Target Support Files/Pods-Clippy/Pods-Clippy-frameworks.sh",
				"${BUILT_PRODUCTS_DIR}/HotKey/HotKey.framework",
			);
			name = "[CP] Embed Pods Frameworks";
			outputFileListPaths = (
			);
			outputPaths = (
				"${TARGET_BUILD_DIR}/${FRAMEWORKS_FOLDER_PATH}/HotKey.framework",
			);
			runOnlyForDeploymentPostprocessing = 0;
			shellPath = /bin/sh;
			shellScript = "\"${SRCROOT}/Pods/Target Support Files/Pods-Clippy/Pods-Clippy-frameworks.sh\"\n";
			showEnvVarsInLog = 0;
		};
/* End PBXShellScriptBuildPhase section */

/* Begin PBXSourcesBuildPhase section */
		A0717E01215BB1B40011FFF5 /* Sources */ = {
			isa = PBXSourcesBuildPhase;
			buildActionMask = 2147483647;
			files = (
				A0717E0B215BB1B40011FFF5 /* ViewController.swift in Sources */,
				A0717E09215BB1B40011FFF5 /* AppDelegate.swift in Sources */,
			);
			runOnlyForDeploymentPostprocessing = 0;
		};
/* End PBXSourcesBuildPhase section */

/* Begin PBXVariantGroup section */
		A0717E0E215BB1B50011FFF5 /* Main.storyboard */ = {
			isa = PBXVariantGroup;
			children = (
				A0717E0F215BB1B50011FFF5 /* Base */,
			);
			name = Main.storyboard;
			sourceTree = "<group>";
		};
/* End PBXVariantGroup section */

/* Begin XCBuildConfiguration section */
		A0717E13215BB1B50011FFF5 /* Debug */ = {
			isa = XCBuildConfiguration;
			buildSettings = {
				ALWAYS_SEARCH_USER_PATHS = NO;
				CLANG_ANALYZER_NONNULL = YES;
				CLANG_ANALYZER_NUMBER_OBJECT_CONVERSION = YES_AGGRESSIVE;
				CLANG_CXX_LANGUAGE_STANDARD = "gnu++14";
				CLANG_CXX_LIBRARY = "libc++";
				CLANG_ENABLE_MODULES = YES;
				CLANG_ENABLE_OBJC_ARC = YES;
				CLANG_ENABLE_OBJC_WEAK = YES;
				CLANG_WARN_BLOCK_CAPTURE_AUTORELEASING = YES;
				CLANG_WARN_BOOL_CONVERSION = YES;
				CLANG_WARN_COMMA = YES;
				CLANG_WARN_CONSTANT_CONVERSION = YES;
				CLANG_WARN_DEPRECATED_OBJC_IMPLEMENTATIONS = YES;
				CLANG_WARN_DIRECT_OBJC_ISA_USAGE = YES_ERROR;
				CLANG_WARN_DOCUMENTATION_COMMENTS = YES;
				CLANG_WARN_EMPTY_BODY = YES;
				CLANG_WARN_ENUM_CONVERSION = YES;
				CLANG_WARN_INFINITE_RECURSION = YES;
				CLANG_WARN_INT_CONVERSION = YES;
				CLANG_WARN_NON_LITERAL_NULL_CONVERSION = YES;
				CLANG_WARN_OBJC_IMPLICIT_RETAIN_SELF = YES;
				CLANG_WARN_OBJC_LITERAL_CONVERSION = YES;
				CLANG_WARN_OBJC_ROOT_CLASS = YES_ERROR;
				CLANG_WARN_RANGE_LOOP_ANALYSIS = YES;
				CLANG_WARN_STRICT_PROTOTYPES = YES;
				CLANG_WARN_SUSPICIOUS_MOVE = YES;
				CLANG_WARN_UNGUARDED_AVAILABILITY = YES_AGGRESSIVE;
				CLANG_WARN_UNREACHABLE_CODE = YES;
				CLANG_WARN__DUPLICATE_METHOD_MATCH = YES;
				CODE_SIGN_IDENTITY = "Mac Developer";
				COPY_PHASE_STRIP = NO;
				DEBUG_INFORMATION_FORMAT = dwarf;
				ENABLE_STRICT_OBJC_MSGSEND = YES;
				ENABLE_TESTABILITY = YES;
				GCC_C_LANGUAGE_STANDARD = gnu11;
				GCC_DYNAMIC_NO_PIC = NO;
				GCC_NO_COMMON_BLOCKS = YES;
				GCC_OPTIMIZATION_LEVEL = 0;
				GCC_PREPROCESSOR_DEFINITIONS = (
					"DEBUG=1",
					"$(inherited)",
				);
				GCC_WARN_64_TO_32_BIT_CONVERSION = YES;
				GCC_WARN_ABOUT_RETURN_TYPE = YES_ERROR;
				GCC_WARN_UNDECLARED_SELECTOR = YES;
				GCC_WARN_UNINITIALIZED_AUTOS = YES_AGGRESSIVE;
				GCC_WARN_UNUSED_FUNCTION = YES;
				GCC_WARN_UNUSED_VARIABLE = YES;
				MACOSX_DEPLOYMENT_TARGET = 10.14;
				MTL_ENABLE_DEBUG_INFO = YES;
				ONLY_ACTIVE_ARCH = YES;
				SDKROOT = macosx;
				SWIFT_ACTIVE_COMPILATION_CONDITIONS = DEBUG;
				SWIFT_OPTIMIZATION_LEVEL = "-Onone";
			};
			name = Debug;
		};
		A0717E14215BB1B50011FFF5 /* Release */ = {
			isa = XCBuildConfiguration;
			buildSettings = {
				ALWAYS_SEARCH_USER_PATHS = NO;
				CLANG_ANALYZER_NONNULL = YES;
				CLANG_ANALYZER_NUMBER_OBJECT_CONVERSION = YES_AGGRESSIVE;
				CLANG_CXX_LANGUAGE_STANDARD = "gnu++14";
				CLANG_CXX_LIBRARY = "libc++";
				CLANG_ENABLE_MODULES = YES;
				CLANG_ENABLE_OBJC_ARC = YES;
				CLANG_ENABLE_OBJC_WEAK = YES;
				CLANG_WARN_BLOCK_CAPTURE_AUTORELEASING = YES;
				CLANG_WARN_BOOL_CONVERSION = YES;
				CLANG_WARN_COMMA = YES;
				CLANG_WARN_CONSTANT_CONVERSION = YES;
				CLANG_WARN_DEPRECATED_OBJC_IMPLEMENTATIONS = YES;
				CLANG_WARN_DIRECT_OBJC_ISA_USAGE = YES_ERROR;
				CLANG_WARN_DOCUMENTATION_COMMENTS = YES;
				CLANG_WARN_EMPTY_BODY = YES;
				CLANG_WARN_ENUM_CONVERSION = YES;
				CLANG_WARN_INFINITE_RECURSION = YES;
				CLANG_WARN_INT_CONVERSION = YES;
				CLANG_WARN_NON_LITERAL_NULL_CONVERSION = YES;
				CLANG_WARN_OBJC_IMPLICIT_RETAIN_SELF = YES;
				CLANG_WARN_OBJC_LITERAL_CONVERSION = YES;
				CLANG_WARN_OBJC_ROOT_CLASS = YES_ERROR;
				CLANG_WARN_RANGE_LOOP_ANALYSIS = YES;
				CLANG_WARN_STRICT_PROTOTYPES = YES;
				CLANG_WARN_SUSPICIOUS_MOVE = YES;
				CLANG_WARN_UNGUARDED_AVAILABILITY = YES_AGGRESSIVE;
				CLANG_WARN_UNREACHABLE_CODE = YES;
				CLANG_WARN__DUPLICATE_METHOD_MATCH = YES;
				CODE_SIGN_IDENTITY = "Mac Developer";
				COPY_PHASE_STRIP = NO;
				DEBUG_INFORMATION_FORMAT = "dwarf-with-dsym";
				ENABLE_NS_ASSERTIONS = NO;
				ENABLE_STRICT_OBJC_MSGSEND = YES;
				GCC_C_LANGUAGE_STANDARD = gnu11;
				GCC_NO_COMMON_BLOCKS = YES;
				GCC_WARN_64_TO_32_BIT_CONVERSION = YES;
				GCC_WARN_ABOUT_RETURN_TYPE = YES_ERROR;
				GCC_WARN_UNDECLARED_SELECTOR = YES;
				GCC_WARN_UNINITIALIZED_AUTOS = YES_AGGRESSIVE;
				GCC_WARN_UNUSED_FUNCTION = YES;
				GCC_WARN_UNUSED_VARIABLE = YES;
				MACOSX_DEPLOYMENT_TARGET = 10.14;
				MTL_ENABLE_DEBUG_INFO = NO;
				SDKROOT = macosx;
				SWIFT_COMPILATION_MODE = wholemodule;
				SWIFT_OPTIMIZATION_LEVEL = "-O";
			};
			name = Release;
		};
		A0717E16215BB1B50011FFF5 /* Debug */ = {
			isa = XCBuildConfiguration;
			baseConfigurationReference = 93349CD55625F84A15F8733C /* Pods-Clippy.debug.xcconfig */;
			buildSettings = {
				ASSETCATALOG_COMPILER_APPICON_NAME = AppIcon;
				CODE_SIGN_ENTITLEMENTS = Clippy/Clippy.entitlements;
				CODE_SIGN_IDENTITY = "-";
				CODE_SIGN_STYLE = Automatic;
				COMBINE_HIDPI_IMAGES = YES;
				DEVELOPMENT_TEAM = "";
				INFOPLIST_FILE = Clippy/Info.plist;
				LD_RUNPATH_SEARCH_PATHS = (
					"$(inherited)",
					"@executable_path/../Frameworks",
				);
				PRODUCT_BUNDLE_IDENTIFIER = com.harsilspatel.Clippy;
				PRODUCT_NAME = "$(TARGET_NAME)";
				PROVISIONING_PROFILE_SPECIFIER = "";
				SWIFT_VERSION = 4.0;
			};
			name = Debug;
		};
		A0717E17215BB1B50011FFF5 /* Release */ = {
			isa = XCBuildConfiguration;
			baseConfigurationReference = 40039B3EF8A076CF3B8AD551 /* Pods-Clippy.release.xcconfig */;
			buildSettings = {
				ASSETCATALOG_COMPILER_APPICON_NAME = AppIcon;
				CODE_SIGN_ENTITLEMENTS = Clippy/Clippy.entitlements;
				CODE_SIGN_IDENTITY = "-";
				CODE_SIGN_STYLE = Automatic;
				COMBINE_HIDPI_IMAGES = YES;
				DEVELOPMENT_TEAM = "";
				INFOPLIST_FILE = Clippy/Info.plist;
				LD_RUNPATH_SEARCH_PATHS = (
					"$(inherited)",
					"@executable_path/../Frameworks",
				);
				PRODUCT_BUNDLE_IDENTIFIER = com.harsilspatel.Clippy;
				PRODUCT_NAME = "$(TARGET_NAME)";
				PROVISIONING_PROFILE_SPECIFIER = "";
				SWIFT_VERSION = 4.0;
			};
			name = Release;
		};
/* End XCBuildConfiguration section */

/* Begin XCConfigurationList section */
		A0717E00215BB1B30011FFF5 /* Build configuration list for PBXProject "Clippy" */ = {
			isa = XCConfigurationList;
			buildConfigurations = (
				A0717E13215BB1B50011FFF5 /* Debug */,
				A0717E14215BB1B50011FFF5 /* Release */,
			);
			defaultConfigurationIsVisible = 0;
			defaultConfigurationName = Release;
		};
		A0717E15215BB1B50011FFF5 /* Build configuration list for PBXNativeTarget "Clippy" */ = {
			isa = XCConfigurationList;
			buildConfigurations = (
				A0717E16215BB1B50011FFF5 /* Debug */,
				A0717E17215BB1B50011FFF5 /* Release */,
			);
			defaultConfigurationIsVisible = 0;
			defaultConfigurationName = Release;
		};
/* End XCConfigurationList section */
	};
	rootObject = A0717DFD215BB1B30011FFF5 /* Project object */;
}
